
Microsoft Visual Studio Solution File, Format Version 12.00
# Visual Studio Version 17
VisualStudioVersion = 17.13.35828.75
MinimumVisualStudioVersion = 10.0.40219.1
Project("{FAE04EC0-301F-11D3-BF4B-00C04F79EFBC}") = "LibManage.Web", "LibManage\LibManage.Web.csproj", "{10B7CA52-D52A-4D48-A150-A65EBFA78630}"
EndProject
Project("{2150E333-8FDC-42A3-9474-1A3956D46DE8}") = "Web", "Web", "{02EA681E-C7D8-13C7-8484-4AC65E1B71E8}"
EndProject
Project("{2150E333-8FDC-42A3-9474-1A3956D46DE8}") = "Services", "Services", "{DD2A5681-E2C6-487C-B0FA-FD86DE0D2D96}"
EndProject
Project("{2150E333-8FDC-42A3-9474-1A3956D46DE8}") = "Data", "Data", "{E007D2E0-3DD3-4F94-870A-97275DD2AC31}"
EndProject
Project("{2150E333-8FDC-42A3-9474-1A3956D46DE8}") = "Common", "Common", "{707288B6-7F64-485B-9CD2-3C2630D46194}"
EndProject
Project("{FAE04EC0-301F-11D3-BF4B-00C04F79EFBC}") = "LibManage.Common", "LibManage.Common\LibManage.Common.csproj", "{B9A63ECC-A1B7-4714-9F7C-4D46416539CF}"
EndProject
Project("{FAE04EC0-301F-11D3-BF4B-00C04F79EFBC}") = "LibManage.Services.Core", "LibManage.Services.Core\LibManage.Services.Core.csproj", "{682E7A71-E8B1-4088-B82B-D9232C3DD324}"
EndProject
Project("{FAE04EC0-301F-11D3-BF4B-00C04F79EFBC}") = "LibManage.Data", "LibManage.Data\LibManage.Data.csproj", "{D0DD19E4-EA57-4095-BAC4-B6FD3D343BF4}"
EndProject
Project("{FAE04EC0-301F-11D3-BF4B-00C04F79EFBC}") = "LibManage.Data.Models", "LibManage.Data.Models\LibManage.Data.Models.csproj", "{35F219DD-18CE-44AD-BDFC-445D14BD6EAA}"
EndProject
Project("{FAE04EC0-301F-11D3-BF4B-00C04F79EFBC}") = "LibManage.ViewModels", "LibManage.ViewModels\LibManage.ViewModels.csproj", "{17884941-5ACF-4DFC-B49D-9864123AB366}"
EndProject
Global
	GlobalSection(SolutionConfigurationPlatforms) = preSolution
		Debug|Any CPU = Debug|Any CPU
		Release|Any CPU = Release|Any CPU
	EndGlobalSection
	GlobalSection(ProjectConfigurationPlatforms) = postSolution
		{10B7CA52-D52A-4D48-A150-A65EBFA78630}.Debug|Any CPU.ActiveCfg = Debug|Any CPU
		{10B7CA52-D52A-4D48-A150-A65EBFA78630}.Debug|Any CPU.Build.0 = Debug|Any CPU
		{10B7CA52-D52A-4D48-A150-A65EBFA78630}.Release|Any CPU.ActiveCfg = Release|Any CPU
		{10B7CA52-D52A-4D48-A150-A65EBFA78630}.Release|Any CPU.Build.0 = Release|Any CPU
		{B9A63ECC-A1B7-4714-9F7C-4D46416539CF}.Debug|Any CPU.ActiveCfg = Debug|Any CPU
		{B9A63ECC-A1B7-4714-9F7C-4D46416539CF}.Debug|Any CPU.Build.0 = Debug|Any CPU
		{B9A63ECC-A1B7-4714-9F7C-4D46416539CF}.Release|Any CPU.ActiveCfg = Release|Any CPU
		{B9A63ECC-A1B7-4714-9F7C-4D46416539CF}.Release|Any CPU.Build.0 = Release|Any CPU
		{682E7A71-E8B1-4088-B82B-D9232C3DD324}.Debug|Any CPU.ActiveCfg = Debug|Any CPU
		{682E7A71-E8B1-4088-B82B-D9232C3DD324}.Debug|Any CPU.Build.0 = Debug|Any CPU
		{682E7A71-E8B1-4088-B82B-D9232C3DD324}.Release|Any CPU.ActiveCfg = Release|Any CPU
		{682E7A71-E8B1-4088-B82B-D9232C3DD324}.Release|Any CPU.Build.0 = Release|Any CPU
		{D0DD19E4-EA57-4095-BAC4-B6FD3D343BF4}.Debug|Any CPU.ActiveCfg = Debug|Any CPU
		{D0DD19E4-EA57-4095-BAC4-B6FD3D343BF4}.Debug|Any CPU.Build.0 = Debug|Any CPU
		{D0DD19E4-EA57-4095-BAC4-B6FD3D343BF4}.Release|Any CPU.ActiveCfg = Release|Any CPU
		{D0DD19E4-EA57-4095-BAC4-B6FD3D343BF4}.Release|Any CPU.Build.0 = Release|Any CPU
		{35F219DD-18CE-44AD-BDFC-445D14BD6EAA}.Debug|Any CPU.ActiveCfg = Debug|Any CPU
		{35F219DD-18CE-44AD-BDFC-445D14BD6EAA}.Debug|Any CPU.Build.0 = Debug|Any CPU
		{35F219DD-18CE-44AD-BDFC-445D14BD6EAA}.Release|Any CPU.ActiveCfg = Release|Any CPU
		{35F219DD-18CE-44AD-BDFC-445D14BD6EAA}.Release|Any CPU.Build.0 = Release|Any CPU
		{17884941-5ACF-4DFC-B49D-9864123AB366}.Debug|Any CPU.ActiveCfg = Debug|Any CPU
		{17884941-5ACF-4DFC-B49D-9864123AB366}.Debug|Any CPU.Build.0 = Debug|Any CPU
		{17884941-5ACF-4DFC-B49D-9864123AB366}.Release|Any CPU.ActiveCfg = Release|Any CPU
		{17884941-5ACF-4DFC-B49D-9864123AB366}.Release|Any CPU.Build.0 = Release|Any CPU
	EndGlobalSection
	GlobalSection(SolutionProperties) = preSolution
		HideSolutionNode = FALSE
	EndGlobalSection
	GlobalSection(NestedProjects) = preSolution
		{10B7CA52-D52A-4D48-A150-A65EBFA78630} = {02EA681E-C7D8-13C7-8484-4AC65E1B71E8}
		{B9A63ECC-A1B7-4714-9F7C-4D46416539CF} = {707288B6-7F64-485B-9CD2-3C2630D46194}
		{682E7A71-E8B1-4088-B82B-D9232C3DD324} = {DD2A5681-E2C6-487C-B0FA-FD86DE0D2D96}
		{D0DD19E4-EA57-4095-BAC4-B6FD3D343BF4} = {E007D2E0-3DD3-4F94-870A-97275DD2AC31}
		{35F219DD-18CE-44AD-BDFC-445D14BD6EAA} = {E007D2E0-3DD3-4F94-870A-97275DD2AC31}
		{17884941-5ACF-4DFC-B49D-9864123AB366} = {02EA681E-C7D8-13C7-8484-4AC65E1B71E8}
	EndGlobalSection
	GlobalSection(ExtensibilityGlobals) = postSolution
		SolutionGuid = {C4BE44BC-C8E4-4A76-B689-07E29F44EFBF}
	EndGlobalSection
EndGlobal
